[[package]]
name = "ref_eq"
version = "1.0.0"
source = "registry+https://github.com/rust-lang/crates.io-index"

[[package]]
name = "smallvec"
version = "0.6.0"
source = "registry+https://github.com/rust-lang/crates.io-index"

[[package]]
name = "tree-lifetimes"
version = "0.1.0"
dependencies = [
 "ref_eq 1.0.0 (registry+https://github.com/rust-lang/crates.io-index)",
 "smallvec 0.6.0 (registry+https://github.com/rust-lang/crates.io-index)",
 "typed-arena 1.3.0 (registry+https://github.com/rust-lang/crates.io-index)",
]

[[package]]
name = "typed-arena"
version = "1.3.0"
source = "registry+https://github.com/rust-lang/crates.io-index"

[metadata]
"checksum ref_eq 1.0.0 (registry+https://github.com/rust-lang/crates.io-index)" = "b5be05580cabe5669689db3f2fad4af6af21eb2a5c7edef0bd195f28757cabd9"
"checksum smallvec 0.6.0 (registry+https://github.com/rust-lang/crates.io-index)" = "44db0ecb22921ef790d17ae13a3f6d15784183ff5f2a01aa32098c7498d2b4b9"
"checksum typed-arena 1.3.0 (registry+https://github.com/rust-lang/crates.io-index)" = "5934776c3ac1bea4a9d56620d6bf2d483b20d394e49581db40f187e1118ff667"
